
Microsoft Visual Studio Solution File, Format Version 12.00
# Visual Studio Version 17
VisualStudioVersion = 17.2.32516.85
MinimumVisualStudioVersion = 10.0.40219.1
Project("{9A19103F-16F7-4668-BE54-9A1E7A4F7556}") = "EdAid.TestAutomation", "EdAid.TestAutomation\EdAid.TestAutomation.csproj", "{307C8D55-4435-4A4A-9AE1-7D1261A983CA}"
EndProject
Project("{2150E333-8FDC-42A3-9474-1A3956D46DE8}") = "Solution Items", "Solution Items", "{64D5E820-BC13-446C-8F43-9A80FB6526C3}"
EndProject
Global
	GlobalSection(SolutionConfigurationPlatforms) = preSolution
		Debug|Any CPU = Debug|Any CPU
		Release|Any CPU = Release|Any CPU
	EndGlobalSection
	GlobalSection(ProjectConfigurationPlatforms) = postSolution
		{307C8D55-4435-4A4A-9AE1-7D1261A983CA}.Debug|Any CPU.ActiveCfg = Debug|Any CPU
		{307C8D55-4435-4A4A-9AE1-7D1261A983CA}.Debug|Any CPU.Build.0 = Debug|Any CPU
		{307C8D55-4435-4A4A-9AE1-7D1261A983CA}.Release|Any CPU.ActiveCfg = Release|Any CPU
		{307C8D55-4435-4A4A-9AE1-7D1261A983CA}.Release|Any CPU.Build.0 = Release|Any CPU
	EndGlobalSection
	GlobalSection(SolutionProperties) = preSolution
		HideSolutionNode = FALSE
	EndGlobalSection
	GlobalSection(ExtensibilityGlobals) = postSolution
		SolutionGuid = {592E8B03-C06C-4EE4-AD75-1F386F43DA06}
	EndGlobalSection
EndGlobal
